
Microsoft Visual Studio Solution File, Format Version 12.00
# Visual Studio Version 17
VisualStudioVersion = 17.11.35327.3
MinimumVisualStudioVersion = 10.0.40219.1
Project("{9A19103F-16F7-4668-BE54-9A1E7A4F7556}") = "QueueSender", "QueueSender\QueueSender.csproj", "{2FC1D690-5867-4375-8411-18E089016096}"
EndProject
Project("{FAE04EC0-301F-11D3-BF4B-00C04F79EFBC}") = "MessagePollerService", "MessagePollerService\MessagePollerService.csproj", "{2825B786-5959-4710-80EA-23D0851C7772}"
EndProject
Global
	GlobalSection(SolutionConfigurationPlatforms) = preSolution
		Debug|Any CPU = Debug|Any CPU
		Release|Any CPU = Release|Any CPU
	EndGlobalSection
	GlobalSection(ProjectConfigurationPlatforms) = postSolution
		{2FC1D690-5867-4375-8411-18E089016096}.Debug|Any CPU.ActiveCfg = Debug|Any CPU
		{2FC1D690-5867-4375-8411-18E089016096}.Debug|Any CPU.Build.0 = Debug|Any CPU
		{2FC1D690-5867-4375-8411-18E089016096}.Release|Any CPU.ActiveCfg = Release|Any CPU
		{2FC1D690-5867-4375-8411-18E089016096}.Release|Any CPU.Build.0 = Release|Any CPU
		{2825B786-5959-4710-80EA-23D0851C7772}.Debug|Any CPU.ActiveCfg = Debug|Any CPU
		{2825B786-5959-4710-80EA-23D0851C7772}.Debug|Any CPU.Build.0 = Debug|Any CPU
		{2825B786-5959-4710-80EA-23D0851C7772}.Release|Any CPU.ActiveCfg = Release|Any CPU
		{2825B786-5959-4710-80EA-23D0851C7772}.Release|Any CPU.Build.0 = Release|Any CPU
	EndGlobalSection
	GlobalSection(SolutionProperties) = preSolution
		HideSolutionNode = FALSE
	EndGlobalSection
	GlobalSection(ExtensibilityGlobals) = postSolution
		SolutionGuid = {F1CDBC46-4091-4AFB-9EA3-E9E0536B1B4C}
	EndGlobalSection
EndGlobal
